// !$*UTF8*$!
{
	archiveVersion = 1;
	classes = {
	};
	objectVersion = 48;
	objects = {

/* Begin PBXBuildFile section */
		BF6A497F1FB9D92F0085D2CC /* AppDelegate.swift in Sources */ = {isa = PBXBuildFile; fileRef = BF6A497E1FB9D92F0085D2CC /* AppDelegate.swift */; };
		BF6A49811FB9D92F0085D2CC /* ViewController.swift in Sources */ = {isa = PBXBuildFile; fileRef = BF6A49801FB9D92F0085D2CC /* ViewController.swift */; };
		BF6A49841FB9D92F0085D2CC /* Main.storyboard in Resources */ = {isa = PBXBuildFile; fileRef = BF6A49821FB9D92F0085D2CC /* Main.storyboard */; };
		BF6A49861FB9D92F0085D2CC /* Assets.xcassets in Resources */ = {isa = PBXBuildFile; fileRef = BF6A49851FB9D92F0085D2CC /* Assets.xcassets */; };
		BF6A49891FB9D92F0085D2CC /* LaunchScreen.storyboard in Resources */ = {isa = PBXBuildFile; fileRef = BF6A49871FB9D92F0085D2CC /* LaunchScreen.storyboard */; };
/* End PBXBuildFile section */

/* Begin PBXFileReference section */
		BF6A497B1FB9D92F0085D2CC /* DMSSwipeCards Example.app */ = {isa = PBXFileReference; explicitFileType = wrapper.application; includeInIndex = 0; path = "DMSSwipeCards Example.app"; sourceTree = BUILT_PRODUCTS_DIR; };
		BF6A497E1FB9D92F0085D2CC /* AppDelegate.swift */ = {isa = PBXFileReference; lastKnownFileType = sourcecode.swift; path = AppDelegate.swift; sourceTree = "<group>"; };
		BF6A49801FB9D92F0085D2CC /* ViewController.swift */ = {isa = PBXFileReference; lastKnownFileType = sourcecode.swift; path = ViewController.swift; sourceTree = "<group>"; };
		BF6A49831FB9D92F0085D2CC /* Base */ = {isa = PBXFileReference; lastKnownFileType = file.storyboard; name = Base; path = Base.lproj/Main.storyboard; sourceTree = "<group>"; };
		BF6A49851FB9D92F0085D2CC /* Assets.xcassets */ = {isa = PBXFileReference; lastKnownFileType = folder.assetcatalog; path = Assets.xcassets; sourceTree = "<group>"; };
		BF6A49881FB9D92F0085D2CC /* Base */ = {isa = PBXFileReference; lastKnownFileType = file.storyboard; name = Base; path = Base.lproj/LaunchScreen.storyboard; sourceTree = "<group>"; };
		BF6A498A1FB9D92F0085D2CC /* Info.plist */ = {isa = PBXFileReference; lastKnownFileType = text.plist.xml; path = Info.plist; sourceTree = "<group>"; };
/* End PBXFileReference section */

/* Begin PBXFrameworksBuildPhase section */
		BF6A49781FB9D92F0085D2CC /* Frameworks */ = {
			isa = PBXFrameworksBuildPhase;
			buildActionMask = 2147483647;
			files = (
			);
			runOnlyForDeploymentPostprocessing = 0;
		};
/* End PBXFrameworksBuildPhase section */

/* Begin PBXGroup section */
		BF6A49721FB9D92F0085D2CC = {
			isa = PBXGroup;
			children = (
				BF6A497D1FB9D92F0085D2CC /* DMSSwipeCards Example */,
				BF6A497C1FB9D92F0085D2CC /* Products */,
			);
			sourceTree = "<group>";
		};
		BF6A497C1FB9D92F0085D2CC /* Products */ = {
			isa = PBXGroup;
			children = (
				BF6A497B1FB9D92F0085D2CC /* DMSSwipeCards Example.app */,
			);
			name = Products;
			sourceTree = "<group>";
		};
		BF6A497D1FB9D92F0085D2CC /* DMSSwipeCards Example */ = {
			isa = PBXGroup;
			children = (
				BF6A497E1FB9D92F0085D2CC /* AppDelegate.swift */,
				BF6A49801FB9D92F0085D2CC /* ViewController.swift */,
				BF6A49821FB9D92F0085D2CC /* Main.storyboard */,
				BF6A49851FB9D92F0085D2CC /* Assets.xcassets */,
				BF6A49871FB9D92F0085D2CC /* LaunchScreen.storyboard */,
				BF6A498A1FB9D92F0085D2CC /* Info.plist */,
			);
			path = "DMSSwipeCards Example";
			sourceTree = "<group>";
		};
/* End PBXGroup section */

/* Begin PBXNativeTarget section */
		BF6A497A1FB9D92F0085D2CC /* DMSSwipeCards Example */ = {
			isa = PBXNativeTarget;
			buildConfigurationList = BF6A498D1FB9D92F0085D2CC /* Build configuration list for PBXNativeTarget "DMSSwipeCards Example" */;
			buildPhases = (
				BF6A49771FB9D92F0085D2CC /* Sources */,
				BF6A49781FB9D92F0085D2CC /* Frameworks */,
				BF6A49791FB9D92F0085D2CC /* Resources */,
			);
			buildRules = (
			);
			dependencies = (
			);
			name = "DMSSwipeCards Example";
			productName = "DMSSwipeCards Example";
			productReference = BF6A497B1FB9D92F0085D2CC /* DMSSwipeCards Example.app */;
			productType = "com.apple.product-type.application";
		};
/* End PBXNativeTarget section */

/* Begin PBXProject section */
		BF6A49731FB9D92F0085D2CC /* Project object */ = {
			isa = PBXProject;
			attributes = {
				LastSwiftUpdateCheck = 0910;
				LastUpgradeCheck = 0910;
				ORGANIZATIONNAME = Kamil;
				TargetAttributes = {
					BF6A497A1FB9D92F0085D2CC = {
						CreatedOnToolsVersion = 9.1;
						ProvisioningStyle = Automatic;
					};
				};
			};
			buildConfigurationList = BF6A49761FB9D92F0085D2CC /* Build configuration list for PBXProject "DMSSwipeCards Example" */;
			compatibilityVersion = "Xcode 8.0";
			developmentRegion = en;
			hasScannedForEncodings = 0;
			knownRegions = (
				en,
				Base,
			);
			mainGroup = BF6A49721FB9D92F0085D2CC;
			productRefGroup = BF6A497C1FB9D92F0085D2CC /* Products */;
			projectDirPath = "";
			projectRoot = "";
			targets = (
				BF6A497A1FB9D92F0085D2CC /* DMSSwipeCards Example */,
			);
		};
/* End PBXProject section */

/* Begin PBXResourcesBuildPhase section */
		BF6A49791FB9D92F0085D2CC /* Resources */ = {
			isa = PBXResourcesBuildPhase;
			buildActionMask = 2147483647;
			files = (
				BF6A49891FB9D92F0085D2CC /* LaunchScreen.storyboard in Resources */,
				BF6A49861FB9D92F0085D2CC /* Assets.xcassets in Resources */,
				BF6A49841FB9D92F0085D2CC /* Main.storyboard in Resources */,
			);
			runOnlyForDeploymentPostprocessing = 0;
		};
/* End PBXResourcesBuildPhase section */

/* Begin PBXSourcesBuildPhase section */
		BF6A49771FB9D92F0085D2CC /* Sources */ = {
			isa = PBXSourcesBuildPhase;
			buildActionMask = 2147483647;
			files = (
				BF6A49811FB9D92F0085D2CC /* ViewController.swift in Sources */,
				BF6A497F1FB9D92F0085D2CC /* AppDelegate.swift in Sources */,
			);
			runOnlyForDeploymentPostprocessing = 0;
		};
/* End PBXSourcesBuildPhase section */

/* Begin PBXVariantGroup section */
		BF6A49821FB9D92F0085D2CC /* Main.storyboard */ = {
			isa = PBXVariantGroup;
			children = (
				BF6A49831FB9D92F0085D2CC /* Base */,
			);
			name = Main.storyboard;
			sourceTree = "<group>";
		};
		BF6A49871FB9D92F0085D2CC /* LaunchScreen.storyboard */ = {
			isa = PBXVariantGroup;
			children = (
				BF6A49881FB9D92F0085D2CC /* Base */,
			);
			name = LaunchScreen.storyboard;
			sourceTree = "<group>";
		};
/* End PBXVariantGroup section */

/* Begin XCBuildConfiguration section */
		BF6A498B1FB9D92F0085D2CC /* Debug */ = {
			isa = XCBuildConfiguration;
			buildSettings = {
				ALWAYS_SEARCH_USER_PATHS = NO;
				CLANG_ANALYZER_NONNULL = YES;
				CLANG_ANALYZER_NUMBER_OBJECT_CONVERSION = YES_AGGRESSIVE;
				CLANG_CXX_LANGUAGE_STANDARD = "gnu++14";
				CLANG_CXX_LIBRARY = "libc++";
				CLANG_ENABLE_MODULES = YES;
				CLANG_ENABLE_OBJC_ARC = YES;
				CLANG_WARN_BLOCK_CAPTURE_AUTORELEASING = YES;
				CLANG_WARN_BOOL_CONVERSION = YES;
				CLANG_WARN_COMMA = YES;
				CLANG_WARN_CONSTANT_CONVERSION = YES;
				CLANG_WARN_DIRECT_OBJC_ISA_USAGE = YES_ERROR;
				CLANG_WARN_DOCUMENTATION_COMMENTS = YES;
				CLANG_WARN_EMPTY_BODY = YES;
				CLANG_WARN_ENUM_CONVERSION = YES;
				CLANG_WARN_INFINITE_RECURSION = YES;
				CLANG_WARN_INT_CONVERSION = YES;
				CLANG_WARN_NON_LITERAL_NULL_CONVERSION = YES;
				CLANG_WARN_OBJC_LITERAL_CONVERSION = YES;
				CLANG_WARN_OBJC_ROOT_CLASS = YES_ERROR;
				CLANG_WARN_RANGE_LOOP_ANALYSIS = YES;
				CLANG_WARN_STRICT_PROTOTYPES = YES;
				CLANG_WARN_SUSPICIOUS_MOVE = YES;
				CLANG_WARN_UNGUARDED_AVAILABILITY = YES_AGGRESSIVE;
				CLANG_WARN_UNREACHABLE_CODE = YES;
				CLANG_WARN__DUPLICATE_METHOD_MATCH = YES;
				CODE_SIGN_IDENTITY = "iPhone Developer";
				COPY_PHASE_STRIP = NO;
				DEBUG_INFORMATION_FORMAT = dwarf;
				ENABLE_STRICT_OBJC_MSGSEND = YES;
				ENABLE_TESTABILITY = YES;
				GCC_C_LANGUAGE_STANDARD = gnu11;
				GCC_DYNAMIC_NO_PIC = NO;
				GCC_NO_COMMON_BLOCKS = YES;
				GCC_OPTIMIZATION_LEVEL = 0;
				GCC_PREPROCESSOR_DEFINITIONS = (
					"DEBUG=1",
					"$(inherited)",
				);
				GCC_WARN_64_TO_32_BIT_CONVERSION = YES;
				GCC_WARN_ABOUT_RETURN_TYPE = YES_ERROR;
				GCC_WARN_UNDECLARED_SELECTOR = YES;
				GCC_WARN_UNINITIALIZED_AUTOS = YES_AGGRESSIVE;
				GCC_WARN_UNUSED_FUNCTION = YES;
				GCC_WARN_UNUSED_VARIABLE = YES;
				IPHONEOS_DEPLOYMENT_TARGET = 11.1;
				MTL_ENABLE_DEBUG_INFO = YES;
				ONLY_ACTIVE_ARCH = YES;
				SDKROOT = iphoneos;
				SWIFT_ACTIVE_COMPILATION_CONDITIONS = DEBUG;
				SWIFT_OPTIMIZATION_LEVEL = "-Onone";
			};
			name = Debug;
		};
		BF6A498C1FB9D92F0085D2CC /* Release */ = {
			isa = XCBuildConfiguration;
			buildSettings = {
				ALWAYS_SEARCH_USER_PATHS = NO;
				CLANG_ANALYZER_NONNULL = YES;
				CLANG_ANALYZER_NUMBER_OBJECT_CONVERSION = YES_AGGRESSIVE;
				CLANG_CXX_LANGUAGE_STANDARD = "gnu++14";
				CLANG_CXX_LIBRARY = "libc++";
				CLANG_ENABLE_MODULES = YES;
				CLANG_ENABLE_OBJC_ARC = YES;
				CLANG_WARN_BLOCK_CAPTURE_AUTORELEASING = YES;
				CLANG_WARN_BOOL_CONVERSION = YES;
				CLANG_WARN_COMMA = YES;
				CLANG_WARN_CONSTANT_CONVERSION = YES;
				CLANG_WARN_DIRECT_OBJC_ISA_USAGE = YES_ERROR;
				CLANG_WARN_DOCUMENTATION_COMMENTS = YES;
				CLANG_WARN_EMPTY_BODY = YES;
				CLANG_WARN_ENUM_CONVERSION = YES;
				CLANG_WARN_INFINITE_RECURSION = YES;
				CLANG_WARN_INT_CONVERSION = YES;
				CLANG_WARN_NON_LITERAL_NULL_CONVERSION = YES;
				CLANG_WARN_OBJC_LITERAL_CONVERSION = YES;
				CLANG_WARN_OBJC_ROOT_CLASS = YES_ERROR;
				CLANG_WARN_RANGE_LOOP_ANALYSIS = YES;
				CLANG_WARN_STRICT_PROTOTYPES = YES;
				CLANG_WARN_SUSPICIOUS_MOVE = YES;
				CLANG_WARN_UNGUARDED_AVAILABILITY = YES_AGGRESSIVE;
				CLANG_WARN_UNREACHABLE_CODE = YES;
				CLANG_WARN__DUPLICATE_METHOD_MATCH = YES;
				CODE_SIGN_IDENTITY = "iPhone Developer";
				COPY_PHASE_STRIP = NO;
				DEBUG_INFORMATION_FORMAT = "dwarf-with-dsym";
				ENABLE_NS_ASSERTIONS = NO;
				ENABLE_STRICT_OBJC_MSGSEND = YES;
				GCC_C_LANGUAGE_STANDARD = gnu11;
				GCC_NO_COMMON_BLOCKS = YES;
				GCC_WARN_64_TO_32_BIT_CONVERSION = YES;
				GCC_WARN_ABOUT_RETURN_TYPE = YES_ERROR;
				GCC_WARN_UNDECLARED_SELECTOR = YES;
				GCC_WARN_UNINITIALIZED_AUTOS = YES_AGGRESSIVE;
				GCC_WARN_UNUSED_FUNCTION = YES;
				GCC_WARN_UNUSED_VARIABLE = YES;
				IPHONEOS_DEPLOYMENT_TARGET = 11.1;
				MTL_ENABLE_DEBUG_INFO = NO;
				SDKROOT = iphoneos;
				SWIFT_OPTIMIZATION_LEVEL = "-Owholemodule";
				VALIDATE_PRODUCT = YES;
			};
			name = Release;
		};
		BF6A498E1FB9D92F0085D2CC /* Debug */ = {
			isa = XCBuildConfiguration;
			buildSettings = {
				ASSETCATALOG_COMPILER_APPICON_NAME = AppIcon;
				CODE_SIGN_STYLE = Automatic;
				DEVELOPMENT_TEAM = AYR49RPHLW;
				INFOPLIST_FILE = "DMSSwipeCards Example/Info.plist";
				LD_RUNPATH_SEARCH_PATHS = "$(inherited) @executable_path/Frameworks";
				PRODUCT_BUNDLE_IDENTIFIER = "letItBe-Solutions.DMSSwipeCards-Example";
				PRODUCT_NAME = "$(TARGET_NAME)";
				SWIFT_VERSION = 4.0;
				TARGETED_DEVICE_FAMILY = "1,2";
			};
			name = Debug;
		};
		BF6A498F1FB9D92F0085D2CC /* Release */ = {
			isa = XCBuildConfiguration;
			buildSettings = {
				ASSETCATALOG_COMPILER_APPICON_NAME = AppIcon;
				CODE_SIGN_STYLE = Automatic;
				DEVELOPMENT_TEAM = AYR49RPHLW;
				INFOPLIST_FILE = "DMSSwipeCards Example/Info.plist";
				LD_RUNPATH_SEARCH_PATHS = "$(inherited) @executable_path/Frameworks";
				PRODUCT_BUNDLE_IDENTIFIER = "letItBe-Solutions.DMSSwipeCards-Example";
				PRODUCT_NAME = "$(TARGET_NAME)";
				SWIFT_VERSION = 4.0;
				TARGETED_DEVICE_FAMILY = "1,2";
			};
			name = Release;
		};
/* End XCBuildConfiguration section */

/* Begin XCConfigurationList section */
		BF6A49761FB9D92F0085D2CC /* Build configuration list for PBXProject "DMSSwipeCards Example" */ = {
			isa = XCConfigurationList;
			buildConfigurations = (
				BF6A498B1FB9D92F0085D2CC /* Debug */,
				BF6A498C1FB9D92F0085D2CC /* Release */,
			);
			defaultConfigurationIsVisible = 0;
			defaultConfigurationName = Release;
		};
		BF6A498D1FB9D92F0085D2CC /* Build configuration list for PBXNativeTarget "DMSSwipeCards Example" */ = {
			isa = XCConfigurationList;
			buildConfigurations = (
				BF6A498E1FB9D92F0085D2CC /* Debug */,
				BF6A498F1FB9D92F0085D2CC /* Release */,
			);
			defaultConfigurationIsVisible = 0;
			defaultConfigurationName = Release;
		};
/* End XCConfigurationList section */
	};
	rootObject = BF6A49731FB9D92F0085D2CC /* Project object */;
}
